
Microsoft Visual Studio Solution File, Format Version 12.00
# Visual Studio Version 16
VisualStudioVersion = 16.0.30907.101
MinimumVisualStudioVersion = 10.0.40219.1
Project("{FAE04EC0-301F-11D3-BF4B-00C04F79EFBC}") = "LetterCreater", "LetterCreater\LetterCreater.csproj", "{8CBA916E-2CBF-48D2-9604-19A327D606DC}"
EndProject
Global
	GlobalSection(SolutionConfigurationPlatforms) = preSolution
		Debug|Any CPU = Debug|Any CPU
		Release|Any CPU = Release|Any CPU
	EndGlobalSection
	GlobalSection(ProjectConfigurationPlatforms) = postSolution
		{8CBA916E-2CBF-48D2-9604-19A327D606DC}.Debug|Any CPU.ActiveCfg = Debug|Any CPU
		{8CBA916E-2CBF-48D2-9604-19A327D606DC}.Debug|Any CPU.Build.0 = Debug|Any CPU
		{8CBA916E-2CBF-48D2-9604-19A327D606DC}.Release|Any CPU.ActiveCfg = Release|Any CPU
		{8CBA916E-2CBF-48D2-9604-19A327D606DC}.Release|Any CPU.Build.0 = Release|Any CPU
	EndGlobalSection
	GlobalSection(SolutionProperties) = preSolution
		HideSolutionNode = FALSE
	EndGlobalSection
	GlobalSection(ExtensibilityGlobals) = postSolution
		SolutionGuid = {2F52C8A6-7611-40C9-B8C8-CA7E91E4AF5D}
	EndGlobalSection
EndGlobal
